dependencies:
- name: postgresql
  repository: https://charts.bitnami.com/bitnami
  version: 18.5.15
- name: redis
  repository: https://charts.bitnami.com/bitnami
  version: 25.3.9
digest: sha256:fba5e03d6724f8672e07dc3b22e1222e46e4a9a947c1ffedf10c603cf6de7b20
generated: "2026-04-06T22:09:28.343286+03:00"
